{
  "nodes": {
    "home-manager": {
      "inputs": {
        "nixpkgs": [
          "nixpkgs"
        ]
      },
      "locked": {
        "lastModified": 1740208222,
        "narHash": "sha256-FqgPcK5BK+Mc4cGBCGz555UsVd/TQK9FvmuamBWu+ZY=",
        "owner": "nix-community",
        "repo": "home-manager",
        "rev": "f4a07823a298deff0efb0db30f9318511de7c232",
        "type": "github"
      },
      "original": {
        "owner": "nix-community",
        "repo": "home-manager",
        "type": "github"
      }
    },
    "nixos-hardware": {
      "locked": {
        "lastModified": 1740089251,
        "narHash": "sha256-Y78mDBWoO8CLLTjQfPfII+KXFb6lAmF9GrLbyVBsIMM=",
        "owner": "nixos",
        "repo": "nixos-hardware",
        "rev": "18e9f9753e9ae261bcc7d3abe15745686991fd30",
        "type": "github"
      },
      "original": {
        "owner": "nixos",
        "repo": "nixos-hardware",
        "type": "github"
      }
    },
    "nixpkgs": {
      "locked": {
        "lastModified": 1739866667,
        "narHash": "sha256-EO1ygNKZlsAC9avfcwHkKGMsmipUk1Uc0TbrEZpkn64=",
        "owner": "nixos",
        "repo": "nixpkgs",
        "rev": "73cf49b8ad837ade2de76f87eb53fc85ed5d4680",
        "type": "github"
      },
      "original": {
        "owner": "nixos",
        "ref": "nixos-unstable",
        "repo": "nixpkgs",
        "type": "github"
      }
    },
    "nypkgs": {
      "inputs": {
        "nixpkgs": [
          "nixpkgs"
        ]
      },
      "locked": {
        "lastModified": 1726657437,
        "narHash": "sha256-eBeVOFceQkYfWHAwdQ+aM8vLAbsuuWUgek2f6dFBTl0=",
        "owner": "yunfachi",
        "repo": "nypkgs",
        "rev": "698ab4159dc38affee2fc5886468af139de8d95e",
        "type": "github"
      },
      "original": {
        "owner": "yunfachi",
        "repo": "nypkgs",
        "type": "github"
      }
    },
    "root": {
      "inputs": {
        "home-manager": "home-manager",
        "nixos-hardware": "nixos-hardware",
        "nixpkgs": "nixpkgs",
        "nypkgs": "nypkgs"
      }
    }
  },
  "root": "root",
  "version": 7
}
